
Microsoft Visual Studio Solution File, Format Version 12.00
# Visual Studio Version 17
VisualStudioVersion = 17.11.35327.3
MinimumVisualStudioVersion = 10.0.40219.1
Project("{F184B08F-C81C-45F6-A57F-5ABD9991F28F}") = "User Input Validator", "User Input Validator\User Input Validator.vbproj", "{CE82F64A-7CD2-4BB7-8C19-7B704FFA78DA}"
EndProject
Global
	GlobalSection(SolutionConfigurationPlatforms) = preSolution
		Debug|Any CPU = Debug|Any CPU
		Release|Any CPU = Release|Any CPU
	EndGlobalSection
	GlobalSection(ProjectConfigurationPlatforms) = postSolution
		{CE82F64A-7CD2-4BB7-8C19-7B704FFA78DA}.Debug|Any CPU.ActiveCfg = Debug|Any CPU
		{CE82F64A-7CD2-4BB7-8C19-7B704FFA78DA}.Debug|Any CPU.Build.0 = Debug|Any CPU
		{CE82F64A-7CD2-4BB7-8C19-7B704FFA78DA}.Release|Any CPU.ActiveCfg = Release|Any CPU
		{CE82F64A-7CD2-4BB7-8C19-7B704FFA78DA}.Release|Any CPU.Build.0 = Release|Any CPU
	EndGlobalSection
	GlobalSection(SolutionProperties) = preSolution
		HideSolutionNode = FALSE
	EndGlobalSection
	GlobalSection(ExtensibilityGlobals) = postSolution
		SolutionGuid = {E81C2B3D-2BB0-4706-9DA4-2A1A044A215A}
	EndGlobalSection
EndGlobal
